lockfileVersion: '9.0'

settings:
  autoInstallPeers: true
  excludeLinksFromLockfile: false

importers:

  .:
    dependencies:
      '@clickhouse/client':
        specifier: 1.12.1
        version: 1.12.1
      '@elastic/ecs-pino-format':
        specifier: 1.4.0
        version: 1.4.0
      '@envio-dev/hyperfuel-client':
        specifier: 1.2.2
        version: 1.2.2
      '@envio-dev/hypersync-client':
        specifier: 0.7.0
        version: 0.7.0
      '@rescript/react':
        specifier: 0.14.0
        version: 0.14.0(react-dom@19.2.3(react@19.2.3))(react@19.2.3)
      bignumber.js:
        specifier: 9.1.2
        version: 9.1.2
      date-fns:
        specifier: 3.3.1
        version: 3.3.1
      dotenv:
        specifier: 16.4.5
        version: 16.4.5
      eventsource:
        specifier: 4.1.0
        version: 4.1.0
      ink:
        specifier: 6.5.1
        version: 6.5.1(react@19.2.3)
      ink-big-text:
        specifier: 2.0.0
        version: 2.0.0(ink@6.5.1(react@19.2.3))(react@19.2.3)
      ink-spinner:
        specifier: 5.0.0
        version: 5.0.0(ink@6.5.1(react@19.2.3))(react@19.2.3)
      ink-use-stdout-dimensions:
        specifier: 1.0.5
        version: 1.0.5(ink@6.5.1(react@19.2.3))(react@19.2.3)
      pino:
        specifier: 8.16.1
        version: 8.16.1
      pino-pretty:
        specifier: 10.2.3
        version: 10.2.3
      prom-client:
        specifier: 15.0.0
        version: 15.0.0
      rescript:
        specifier: 11.1.3
        version: 11.1.3
      rescript-envsafe:
        specifier: 5.0.0
        version: 5.0.0(rescript-schema@9.3.4(rescript@11.1.3))(rescript@11.1.3)
      rescript-schema:
        specifier: 9.3.4
        version: 9.3.4(rescript@11.1.3)
      viem:
        specifier: 2.21.0
        version: 2.21.0

packages:

  '@adraffy/ens-normalize@1.10.0':
    resolution: {integrity: sha512-nA9XHtlAkYfJxY7bce8DcN7eKxWWCWkU+1GR9d+U6MbNpfwQp8TI7vqOsBsMcHoT4mBu2kypKoSKnghEzOOq5Q==}

  '@alcalzone/ansi-tokenize@0.2.2':
    resolution: {integrity: sha512-mkOh+Wwawzuf5wa30bvc4nA+Qb6DIrGWgBhRR/Pw4T9nsgYait8izvXkNyU78D6Wcu3Z+KUdwCmLCxlWjEotYA==}
    engines: {node: '>=18'}

  '@clickhouse/client-common@1.12.1':
    resolution: {integrity: sha512-ccw1N6hB4+MyaAHIaWBwGZ6O2GgMlO99FlMj0B0UEGfjxM9v5dYVYql6FpP19rMwrVAroYs/IgX2vyZEBvzQLg==}

  '@clickhouse/client@1.12.1':
    resolution: {integrity: sha512-7ORY85rphRazqHzImNXMrh4vsaPrpetFoTWpZYueCO2bbO6PXYDXp/GQ4DgxnGIqbWB/Di1Ai+Xuwq2o7DJ36A==}
    engines: {node: '>=16'}

  '@elastic/ecs-helpers@1.1.0':
    resolution: {integrity: sha512-MDLb2aFeGjg46O5mLpdCzT5yOUDnXToJSrco2ShqGIXxNJaM8uJjX+4nd+hRYV4Vex8YJyDtOFEVBldQct6ndg==}
    engines: {node: '>=10'}

  '@elastic/ecs-pino-format@1.4.0':
    resolution: {integrity: sha512-eCSBUTgl8KbPyxky8cecDRLCYu2C1oFV4AZ72bEsI+TxXEvaljaL2kgttfzfu7gW+M89eCz55s49uF2t+YMTWA==}
    engines: {node: '>=10'}

  '@envio-dev/hyperfuel-client-darwin-arm64@1.2.2':
    resolution: {integrity: sha512-eQyd9kJCIz/4WCTjkjpQg80DA3pdneHP7qhJIVQ2ZG+Jew9o5XDG+uI0Y16AgGzZ6KGmJSJF6wyUaaAjJfbO1Q==}
    engines: {node: '>= 10'}
    cpu: [arm64]
    os: [darwin]

  '@envio-dev/hyperfuel-client-darwin-x64@1.2.2':
    resolution: {integrity: sha512-l7lRMSoyIiIvKZgQPfgqg7H1xnrQ37A8yUp4S2ys47R8f/wSCSrmMaY1u7n6CxVYCpR9fajwy0/356UgwwhVKw==}
    engines: {node: '>= 10'}
    cpu: [x64]
    os: [darwin]

  '@envio-dev/hyperfuel-client-linux-arm64-gnu@1.2.2':
    resolution: {integrity: sha512-kNiC/1fKuXnoSxp8yEsloDw4Ot/mIcNoYYGLl2CipSIpBtSuiBH5nb6eBcxnRZdKOwf5dKZtZ7MVPL9qJocNJw==}
    engines: {node: '>= 10'}
    cpu: [arm64]
    os: [linux]

  '@envio-dev/hyperfuel-client-linux-x64-gnu@1.2.2':
    resolution: {integrity: sha512-XDkvkBG/frS+xiZkJdY4KqOaoAwyxPdi2MysDQgF8NmZdssi32SWch0r4LTqKWLLlCBg9/R55POeXL5UAjg2wQ==}
    engines: {node: '>= 10'}
    cpu: [x64]
    os: [linux]

  '@envio-dev/hyperfuel-client-linux-x64-musl@1.2.2':
    resolution: {integrity: sha512-DKnKJJSwsYtA7YT0EFGhFB5Eqoo42X0l0vZBv4lDuxngEXiiNjeLemXoKQVDzhcbILD7eyXNa5jWUc+2hpmkEg==}
    engines: {node: '>= 10'}
    cpu: [x64]
    os: [linux]

  '@envio-dev/hyperfuel-client-win32-x64-msvc@1.2.2':
    resolution: {integrity: sha512-SwIgTAVM9QhCFPyHwL+e1yQ6o3paV6q25klESkXw+r/KW9QPhOOyA6Yr8nfnur3uqMTLJHAKHTLUnkyi/Nh7Aw==}
    engines: {node: '>= 10'}
    cpu: [x64]
    os: [win32]

  '@envio-dev/hyperfuel-client@1.2.2':
    resolution: {integrity: sha512-raKA6DshYSle0sAOHBV1OkSRFMN+Mkz8sFiMmS3k+m5nP6pP56E17CRRePBL5qmR6ZgSEvGOz/44QUiKNkK9Pg==}
    engines: {node: '>= 10'}

  '@envio-dev/hypersync-client-darwin-arm64@0.7.0':
    resolution: {integrity: sha512-/CNHCekZdcMLGp8Q1uhmEhAzk/0YnRJNpHOdfQYJ81WiKuQbVtejD77liFBqG3zAGYRN6ZRMD/I1hOVnIz5ixw==}
    engines: {node: '>= 10'}
    cpu: [arm64]
    os: [darwin]

  '@envio-dev/hypersync-client-darwin-x64@0.7.0':
    resolution: {integrity: sha512-SqqBuVozL0hclIPS6L4VQC4TNr4gIC4kzQpOhrszwrho73pqEvlqSKyH10u615tJIDD9lvqxjjiRPLs/mdcVWg==}
    engines: {node: '>= 10'}
    cpu: [x64]
    os: [darwin]

  '@envio-dev/hypersync-client-linux-arm64-gnu@0.7.0':
    resolution: {integrity: sha512-q09sfN4pDf82NPuh7xPZ+DZQZuO4vKG6qxbBCHPjK6KZkIw4sNfxIwSG08GG0iLKUxQdW/V3R6FIDM9+c5NTUg==}
    engines: {node: '>= 10'}
    cpu: [arm64]
    os: [linux]

  '@envio-dev/hypersync-client-linux-x64-gnu@0.7.0':
    resolution: {integrity: sha512-Rpz3VSLqq2O9Qp3GiDXHmF3MPm7TcsTfRzSz2RkRVEfdchaKA7Ob86jQ2ueRyG1UEEu47V9JzL6mYmVs4gNa7w==}
    engines: {node: '>= 10'}
    cpu: [x64]
    os: [linux]

  '@envio-dev/hypersync-client-linux-x64-musl@0.7.0':
    resolution: {integrity: sha512-SZ8RHNaCEcPvubFGdA7gkbxJeJe4whhw0oaAvSyGEbUjL5byFI9nqMVzW8o8mPACqqjlOHIq77GYxbbUI+53vQ==}
    engines: {node: '>= 10'}
    cpu: [x64]
    os: [linux]

  '@envio-dev/hypersync-client-win32-x64-msvc@0.7.0':
    resolution: {integrity: sha512-R7M1IBcWfqx1TyBcK5Mc/VJmayGeK9woWPzSPzjTgYsHFl65gE1e0hXb8B/gi+km8GQDZYNcaHyBh6xSVHkrzg==}
    engines: {node: '>= 10'}
    cpu: [x64]
    os: [win32]

  '@envio-dev/hypersync-client@0.7.0':
    resolution: {integrity: sha512-YDFN8XIQTOBztBe5Xr4oFu7PKdR93+7QjGxg4/Xx6+406tPOX9Lrir3cKD+cJpS1ZY1k4/l8l4C6L6D0gqJReQ==}
    engines: {node: '>= 10'}

  '@noble/curves@1.4.0':
    resolution: {integrity: sha512-p+4cb332SFCrReJkCYe8Xzm0OWi4Jji5jVdIZRL/PmacmDkFNw6MrrV+gGpiPxLHbV+zKFRywUWbaseT+tZRXg==}

  '@noble/hashes@1.4.0':
    resolution: {integrity: sha512-V1JJ1WTRUqHHrOSh597hURcMqVKVGL/ea3kv0gSnEdsEZ0/+VyPghM1lMNGc00z7CIQorSvbKpuJkxvuHbvdbg==}
    engines: {node: '>= 16'}

  '@opentelemetry/api@1.9.0':
    resolution: {integrity: sha512-3giAOQvZiH5F9bMlMiv8+GSPMeqg0dbaeo58/0SlA9sxSqZhnUtxzX9/2FzyhS9sWQf5S0GJE0AKBrFqjpeYcg==}
    engines: {node: '>=8.0.0'}

  '@rescript/react@0.14.0':
    resolution: {integrity: sha512-ncOHWK7ujQmff+QMYKRmtwETvJVolzkwRpDa0MFenEXdUz9ZYywNbq+xH9F9RDQeSwC3/4s9JeUQVyTu4fMpHw==}
    peerDependencies:
      react: '>=19.0.0'
      react-dom: '>=19.0.0'

  '@scure/base@1.1.9':
    resolution: {integrity: sha512-8YKhl8GHiNI/pU2VMaofa2Tor7PJRAjwQLBBuilkJ9L5+13yVbC7JO/wS7piioAvPSwR3JKM1IJ/u4xQzbcXKg==}

  '@scure/bip32@1.4.0':
    resolution: {integrity: sha512-sVUpc0Vq3tXCkDGYVWGIZTRfnvu8LoTDaev7vbwh0omSvVORONr960MQWdKqJDCReIEmTj3PAr73O3aoxz7OPg==}

  '@scure/bip39@1.3.0':
    resolution: {integrity: sha512-disdg7gHuTDZtY+ZdkmLpPCk7fxZSu3gBiEGuoC1XYxv9cGx3Z6cpTggCgW6odSOOIXCiDjuGejW+aJKCY/pIQ==}

  abitype@1.0.5:
    resolution: {integrity: sha512-YzDhti7cjlfaBhHutMaboYB21Ha3rXR9QTkNJFzYC4kC8YclaiwPBBBJY8ejFdu2wnJeZCVZSMlQJ7fi8S6hsw==}
    peerDependencies:
      typescript: '>=5.0.4'
      zod: ^3 >=3.22.0
    peerDependenciesMeta:
      typescript:
        optional: true
      zod:
        optional: true

  abort-controller@3.0.0:
    resolution: {integrity: sha512-h8lQ8tacZYnR3vNQTgibj+tODHI5/+l06Au2Pcriv/Gmet0eaj4TwWH41sO9wnHDiQsEj19q0drzdWdeAHtweg==}
    engines: {node: '>=6.5'}

  ajv@6.12.6:
    resolution: {integrity: sha512-j3fVLgvTo527anyYyJOGTYJbG+vnnQYvE0m5mmkc1TK+nxAppkCLMIL0aZ4dblVCNoGShhm+kzE4ZUykBoMg4g==}

  ansi-escapes@7.2.0:
    resolution: {integrity: sha512-g6LhBsl+GBPRWGWsBtutpzBYuIIdBkLEvad5C/va/74Db018+5TZiyA26cZJAr3Rft5lprVqOIPxf5Vid6tqAw==}
    engines: {node: '>=18'}

  ansi-regex@6.2.2:
    resolution: {integrity: sha512-Bq3SmSpyFHaWjPk8If9yc6svM8c56dB5BAtW4Qbw5jHTwwXXcTLoRMkpDJp6VL0XzlWaCHTXrkFURMYmD0sLqg==}
    engines: {node: '>=12'}

  ansi-styles@6.2.3:
    resolution: {integrity: sha512-4Dj6M28JB+oAH8kFkTLUo+a2jwOFkuqb3yucU0CANcRRUbxS0cP0nZYCGjcc3BNXwRIsUVmDGgzawme7zvJHvg==}
    engines: {node: '>=12'}

  atomic-sleep@1.0.0:
    resolution: {integrity: sha512-kNOjDqAh7px0XWNI+4QbzoiR/nTkHAWNud2uvnJquD1/x5a7EQZMJT0AczqK0Qn67oY/TTQ1LbUKajZpp3I9tQ==}
    engines: {node: '>=8.0.0'}

  auto-bind@5.0.1:
    resolution: {integrity: sha512-ooviqdwwgfIfNmDwo94wlshcdzfO64XV0Cg6oDsDYBJfITDz1EngD2z7DkbvCWn+XIMsIqW27sEVF6qcpJrRcg==}
    engines: {node: ^12.20.0 || ^14.13.1 || >=16.0.0}

  balanced-match@1.0.2:
    resolution: {integrity: sha512-3oSeUO0TMV67hN1AmbXsK4yaqU7tjiHlbxRDZOpH0KW9+CeX4bRAaX0Anxt0tx2MrpRpWwQaPwIlISEJhYU5Pw==}

  base64-js@1.5.1:
    resolution: {integrity: sha512-AKpaYlHn8t4SVbOHCy+b5+KKgvR4vrsD8vbvrbiQJps7fKDTkjkDry6ji0rUJjC0kzbNePLwzxq8iypo41qeWA==}

  bignumber.js@9.1.2:
    resolution: {integrity: sha512-2/mKyZH9K85bzOEfhXDBFZTGd1CTs+5IHpeFQo9luiBG7hghdC851Pj2WAhb6E3R6b9tZj/XKhbg4fum+Kepug==}

  bintrees@1.0.2:
    resolution: {integrity: sha512-VOMgTMwjAaUG580SXn3LacVgjurrbMme7ZZNYGSSV7mmtY6QQRh0Eg3pwIcntQ77DErK1L0NxkbetjcoXzVwKw==}

  brace-expansion@2.0.2:
    resolution: {integrity: sha512-Jt0vHyM+jmUBqojB7E1NIYadt0vI0Qxjxd2TErW94wDz+E2LAm5vKMXXwg6ZZBTHPuUlDgQHKXvjGBdfcF1ZDQ==}

  buffer@6.0.3:
    resolution: {integrity: sha512-FTiCpNxtwiZZHEZbcbTIcZjERVICn9yq/pDFkTl95/AxzD1naBctN7YO68riM/gLSDY7sdrMby8hofADYuuqOA==}

  cfonts@3.3.1:
    resolution: {integrity: sha512-ZGEmN3W9mViWEDjsuPo4nK4h39sfh6YtoneFYp9WLPI/rw8BaSSrfQC6jkrGW3JMvV3ZnExJB/AEqXc/nHYxkw==}
    engines: {node: '>=10'}
    hasBin: true

  chalk@5.6.2:
    resolution: {integrity: sha512-7NzBL0rN6fMUW+f7A6Io4h40qQlG+xGmtMxfbnH/K7TAtt8JQWVQK+6g0UXKMeVJoyV5EkkNsErQ8pVD3bLHbA==}
    engines: {node: ^12.17.0 || ^14.13 || >=16.0.0}

  cli-boxes@3.0.0:
    resolution: {integrity: sha512-/lzGpEWL/8PfI0BmBOPRwp0c/wFNX1RdUML3jK/RcSBA9T8mZDdQpqYBKtCFTOfQbwPqWEOpjqW+Fnayc0969g==}
    engines: {node: '>=10'}

  cli-cursor@4.0.0:
    resolution: {integrity: sha512-VGtlMu3x/4DOtIUwEkRezxUZ2lBacNJCHash0N0WeZDBS+7Ux1dm3XWAgWYxLJFMMdOeXMHXorshEFhbMSGelg==}
    engines: {node: ^12.20.0 || ^14.13.1 || >=16.0.0}

  cli-spinners@2.9.2:
    resolution: {integrity: sha512-ywqV+5MmyL4E7ybXgKys4DugZbX0FC6LnwrhjuykIjnK9k8OQacQ7axGKnjDXWNhns0xot3bZI5h55H8yo9cJg==}
    engines: {node: '>=6'}

  cli-truncate@5.1.1:
    resolution: {integrity: sha512-SroPvNHxUnk+vIW/dOSfNqdy1sPEFkrTk6TUtqLCnBlo3N7TNYYkzzN7uSD6+jVjrdO4+p8nH7JzH6cIvUem6A==}
    engines: {node: '>=20'}

  code-excerpt@4.0.0:
    resolution: {integrity: sha512-xxodCmBen3iy2i0WtAK8FlFNrRzjUqjRsMfho58xT/wvZU1YTM3fCnRjcy1gJPMepaRlgm/0e6w8SpWHpn3/cA==}
    engines: {node: ^12.20.0 || ^14.13.1 || >=16.0.0}

  colorette@2.0.20:
    resolution: {integrity: sha512-IfEDxwoWIjkeXL1eXcDiow4UbKjhLdq6/EuSVR9GMN7KVH3r9gQ83e73hsz1Nd1T3ijd5xv1wcWRYO+D6kCI2w==}

  convert-to-spaces@2.0.1:
    resolution: {integrity: sha512-rcQ1bsQO9799wq24uE5AM2tAILy4gXGIK/njFWcVQkGNZ96edlpY+A7bjwvzjYvLDyzmG1MmMLZhpcsb+klNMQ==}
    engines: {node: ^12.20.0 || ^14.13.1 || >=16.0.0}

  date-fns@3.3.1:
    resolution: {integrity: sha512-y8e109LYGgoQDveiEBD3DYXKba1jWf5BA8YU1FL5Tvm0BTdEfy54WLCwnuYWZNnzzvALy/QQ4Hov+Q9RVRv+Zw==}

  dateformat@4.6.3:
    resolution: {integrity: sha512-2P0p0pFGzHS5EMnhdxQi7aJN+iMheud0UhG4dlE1DLAlvL8JHjJJTX/CSm4JXwV0Ka5nGk3zC5mcb5bUQUxxMA==}

  deepmerge@4.3.1:
    resolution: {integrity: sha512-3sUqbMEc77XqpdNO7FRyRog+eW3ph+GYCbj+rK+uYyRMuwsVy0rMiVtPn+QJlKFvWP/1PYpapqYn0Me2knFn+A==}
    engines: {node: '>=0.10.0'}

  define-property@1.0.0:
    resolution: {integrity: sha512-cZTYKFWspt9jZsMscWo8sc/5lbPC9Q0N5nBLgb+Yd915iL3udB1uFgS3B8YCx66UVHq018DAVFoee7x+gxggeA==}
    engines: {node: '>=0.10.0'}

  dotenv@16.4.5:
    resolution: {integrity: sha512-ZmdL2rui+eB2YwhsWzjInR8LldtZHGDoQ1ugH85ppHKwpUHL7j7rN0Ti9NCnGiQbhaZ11FpR+7ao1dNsmduNUg==}
    engines: {node: '>=12'}

  emoji-regex@10.6.0:
    resolution: {integrity: sha512-toUI84YS5YmxW219erniWD0CIVOo46xGKColeNQRgOzDorgBi1v4D71/OFzgD9GO2UGKIv1C3Sp8DAn0+j5w7A==}

  end-of-stream@1.4.4:
    resolution: {integrity: sha512-+uw1inIHVPQoaVuHzRyXd21icM+cnt4CzD5rW+NC1wjOUSTOs+Te7FOv7AhN7vS9x/oIyhLP5PR1H+phQAHu5Q==}

  environment@1.1.0:
    resolution: {integrity: sha512-xUtoPkMggbz0MPyPiIWr1Kp4aeWJjDZ6SMvURhimjdZgsRuDplF5/s9hcgGhyXMhs+6vpnuoiZ2kFiu3FMnS8Q==}
    engines: {node: '>=18'}

  es-toolkit@1.43.0:
    resolution: {integrity: sha512-SKCT8AsWvYzBBuUqMk4NPwFlSdqLpJwmy6AP322ERn8W2YLIB6JBXnwMI2Qsh2gfphT3q7EKAxKb23cvFHFwKA==}

  escape-string-regexp@2.0.0:
    resolution: {integrity: sha512-UpzcLCXolUWcNu5HtVMHYdXJjArjsF9C0aNnquZYY4uW/Vu0miy5YoWvbV345HauVvcAUnpRuhMMcqTcGOY2+w==}
    engines: {node: '>=8'}

  event-target-shim@5.0.1:
    resolution: {integrity: sha512-i/2XbnSz/uxRCU6+NdVJgKWDTM427+MqYbkQzD321DuCQJUqOuJKIA0IM2+W2xtYHdKOmZ4dR6fExsd4SXL+WQ==}
    engines: {node: '>=6'}

  events@3.3.0:
    resolution: {integrity: sha512-mQw+2fkQbALzQ7V0MY0IqdnXNOeTtP4r0lN9z7AAawCXgqea7bDii20AYrIBrFd/Hx0M2Ocz6S111CaFkUcb0Q==}
    engines: {node: '>=0.8.x'}

  eventsource-parser@3.0.6:
    resolution: {integrity: sha512-Vo1ab+QXPzZ4tCa8SwIHJFaSzy4R6SHf7BY79rFBDf0idraZWAkYrDjDj8uWaSm3S2TK+hJ7/t1CEmZ7jXw+pg==}
    engines: {node: '>=18.0.0'}

  eventsource@4.1.0:
    resolution: {integrity: sha512-2GuF51iuHX6A9xdTccMTsNb7VO0lHZihApxhvQzJB5A03DvHDd2FQepodbMaztPBmBcE/ox7o2gqaxGhYB9LhQ==}
    engines: {node: '>=20.0.0'}

  fast-copy@3.0.2:
    resolution: {integrity: sha512-dl0O9Vhju8IrcLndv2eU4ldt1ftXMqqfgN4H1cpmGV7P6jeB9FwpN9a2c8DPGE1Ys88rNUJVYDHq73CGAGOPfQ==}

  fast-deep-equal@3.1.3:
    resolution: {integrity: sha512-f3qQ9oQy9j2AhBe/H9VC91wLmKBCCU/gDOnKNAYG5hswO7BLKj09Hc5HYNz9cGI++xlpDCIgDaitVs03ATR84Q==}

  fast-json-stable-stringify@2.1.0:
    resolution: {integrity: sha512-lhd/wF+Lk98HZoTCtlVraHtfh5XYijIjalXck7saUtuanSDyLMxnHhSXEDJqHxD7msR8D0uCmqlkwjCV8xvwHw==}

  fast-json-stringify@2.7.13:
    resolution: {integrity: sha512-ar+hQ4+OIurUGjSJD1anvYSDcUflywhKjfxnsW4TBTD7+u0tJufv6DKRWoQk3vI6YBOWMoz0TQtfbe7dxbQmvA==}
    engines: {node: '>= 10.0.0'}

  fast-redact@3.5.0:
    resolution: {integrity: sha512-dwsoQlS7h9hMeYUq1W++23NDcBLV4KqONnITDV9DjfS3q1SgDGVrBdvvTLUotWtPSD7asWDV9/CmsZPy8Hf70A==}
    engines: {node: '>=6'}

  fast-safe-stringify@2.1.1:
    resolution: {integrity: sha512-W+KJc2dmILlPplD/H4K9l9LcAHAfPtP6BY84uVLXQ6Evcz9Lcg33Y2z1IVblT6xdY54PXYVHEv+0Wpq8Io6zkA==}

  fs.realpath@1.0.0:
    resolution: {integrity: sha512-OO0pH2lK6a0hZnAdau5ItzHPI6pUlvI7jMVnxUQRtw4owF2wk8lOSabtGDCTP4Ggrg2MbGnWO9X8K1t4+fGMDw==}

  function-bind@1.1.2:
    resolution: {integrity: sha512-7XHNxH7qX9xG5mIwxkhumTox/MIRNcOgDrxWsMt2pAr23WHp6MrRlN7FBSFpCpr+oVO0F744iUgR82nJMfG2SA==}

  get-east-asian-width@1.4.0:
    resolution: {integrity: sha512-QZjmEOC+IT1uk6Rx0sX22V6uHWVwbdbxf1faPqJ1QhLdGgsRGCZoyaQBm/piRdJy/D2um6hM1UP7ZEeQ4EkP+Q==}
    engines: {node: '>=18'}

  glob@8.1.0:
    resolution: {integrity: sha512-r8hpEjiQEYlF2QU0df3dS+nxxSIreXQS1qRhMJM0Q5NDdR386C7jb7Hwwod8Fgiuex+k0GFjgft18yvxm5XoCQ==}
    engines: {node: '>=12'}
    deprecated: Glob versions prior to v9 are no longer supported

  has-flag@4.0.0:
    resolution: {integrity: sha512-EykJT/Q1KjTWctppgIAgfSO0tKVuZUjhgMr17kqTumMl6Afv3EISleU7qZUzoXDFTAHTDC4NOoG/ZxU3EvlMPQ==}
    engines: {node: '>=8'}

  hasown@2.0.2:
    resolution: {integrity: sha512-0hJU9SCPvmMzIBdZFqNPXWa6dqh7WdH0cII9y+CyS8rG3nL48Bclra9HmKhVVUHyPWNH5Y7xDwAB7bfgSjkUMQ==}
    engines: {node: '>= 0.4'}

  help-me@4.2.0:
    resolution: {integrity: sha512-TAOnTB8Tz5Dw8penUuzHVrKNKlCIbwwbHnXraNJxPwf8LRtE2HlM84RYuezMFcwOJmoYOCWVDyJ8TQGxn9PgxA==}

  ieee754@1.2.1:
    resolution: {integrity: sha512-dcyqhDvX1C46lXZcVqCpK+FtMRQVdIMN6/Df5js2zouUsqG7I6sFxitIC+7KYK29KdXOLHdu9zL4sFnoVQnqaA==}

  indent-string@5.0.0:
    resolution: {integrity: sha512-m6FAo/spmsW2Ab2fU35JTYwtOKa2yAwXSwgjSv1TJzh4Mh7mC3lzAOVLBprb72XsTrgkEIsl7YrFNAiDiRhIGg==}
    engines: {node: '>=12'}

  inflight@1.0.6:
    resolution: {integrity: sha512-k92I/b08q4wvFscXCLvqfsHCrjrF7yiXsQuIVvVE7N82W3+aqpzuUdBbfhWcy/FZR3/4IgflMgKLOsvPDrGCJA==}
    deprecated: This module is not supported, and leaks memory. Do not use it. Check out lru-cache if you want a good and tested way to coalesce async requests by a key value, which is much more comprehensive and powerful.

  inherits@2.0.4:
    resolution: {integrity: sha512-k/vGaX4/Yla3WzyMCvTQOXYeIHvqOKtnqBduzTHpzpQZzAskKMhZ2K+EnBiSM9zGSoIFeMpXKxa4dYeZIQqewQ==}

  ink-big-text@2.0.0:
    resolution: {integrity: sha512-Juzqv+rIOLGuhMJiE50VtS6dg6olWfzFdL7wsU/EARSL5Eaa5JNXMogMBm9AkjgzO2Y3UwWCOh87jbhSn8aNdw==}
    engines: {node: '>=14.16'}
    peerDependencies:
      ink: '>=4'
      react: '>=18'

  ink-spinner@5.0.0:
    resolution: {integrity: sha512-EYEasbEjkqLGyPOUc8hBJZNuC5GvXGMLu0w5gdTNskPc7Izc5vO3tdQEYnzvshucyGCBXc86ig0ujXPMWaQCdA==}
    engines: {node: '>=14.16'}
    peerDependencies:
      ink: '>=4.0.0'
      react: '>=18.0.0'

  ink-use-stdout-dimensions@1.0.5:
    resolution: {integrity: sha512-rVsqnw4tQEAJUoknU09+zHdDf30GJdkumkHr0iz/TOYMYEZJkYqziQSGJAM+Z+M603EDfO89+Nxyn/Ko2Zknfw==}
    peerDependencies:
      ink: '>=2.0.0'
      react: '>=16.0.0'

  ink@6.5.1:
    resolution: {integrity: sha512-wF3j/DmkM8q5E+OtfdQhCRw8/0ahkc8CUTgEddxZzpEWPslu7YPL3t64MWRoI9m6upVGpfAg4ms2BBvxCdKRLQ==}
    engines: {node: '>=20'}
    peerDependencies:
      '@types/react': '>=19.0.0'
      react: '>=19.0.0'
      react-devtools-core: ^6.1.2
    peerDependenciesMeta:
      '@types/react':
        optional: true
      react-devtools-core:
        optional: true

  is-accessor-descriptor@1.0.1:
    resolution: {integrity: sha512-YBUanLI8Yoihw923YeFUS5fs0fF2f5TSFTNiYAAzhhDscDa3lEqYuz1pDOEP5KvX94I9ey3vsqjJcLVFVU+3QA==}
    engines: {node: '>= 0.10'}

  is-buffer@1.1.6:
    resolution: {integrity: sha512-NcdALwpXkTm5Zvvbk7owOUSvVvBKDgKP5/ewfXEznmQFfs4ZRmanOeKBTjRVjka3QFoN6XJ+9F3USqfHqTaU5w==}

  is-data-descriptor@1.0.1:
    resolution: {integrity: sha512-bc4NlCDiCr28U4aEsQ3Qs2491gVq4V8G7MQyws968ImqjKuYtTJXrl7Vq7jsN7Ly/C3xj5KWFrY7sHNeDkAzXw==}
    engines: {node: '>= 0.4'}

  is-descriptor@1.0.3:
    resolution: {integrity: sha512-JCNNGbwWZEVaSPtS45mdtrneRWJFp07LLmykxeFV5F6oBvNF8vHSfJuJgoT472pSfk+Mf8VnlrspaFBHWM8JAw==}
    engines: {node: '>= 0.4'}

  is-fullwidth-code-point@5.1.0:
    resolution: {integrity: sha512-5XHYaSyiqADb4RnZ1Bdad6cPp8Toise4TzEjcOYDHZkTCbKgiUl7WTUCpNWHuxmDt91wnsZBc9xinNzopv3JMQ==}
    engines: {node: '>=18'}

  is-in-ci@2.0.0:
    resolution: {integrity: sha512-cFeerHriAnhrQSbpAxL37W1wcJKUUX07HyLWZCW1URJT/ra3GyUTzBgUnh24TMVfNTV2Hij2HLxkPHFZfOZy5w==}
    engines: {node: '>=20'}
    hasBin: true

  is-number@3.0.0:
    resolution: {integrity: sha512-4cboCqIpliH+mAvFNegjZQ4kgKc3ZUhQVr3HvWbSh5q3WH2v82ct+T2Y1hdU5Gdtorx/cLifQjqCbL7bpznLTg==}
    engines: {node: '>=0.10.0'}

  isows@1.0.4:
    resolution: {integrity: sha512-hEzjY+x9u9hPmBom9IIAqdJCwNLax+xrPb51vEPpERoFlIxgmZcHzsT5jKG06nvInKOBGvReAVz80Umed5CczQ==}
    peerDependencies:
      ws: '*'

  joycon@3.1.1:
    resolution: {integrity: sha512-34wB/Y7MW7bzjKRjUKTa46I2Z7eV62Rkhva+KkopW7Qvv/OSWBqvkSY7vusOPrNuZcUG3tApvdVgNB8POj3SPw==}
    engines: {node: '>=10'}

  js-tokens@4.0.0:
    resolution: {integrity: sha512-RdJUflcE3cUzKiMqQgsCu06FPu9UdIJO0beYbPhHN4k6apgJtifcoCtT9bcxOpYBtpD2kCM6Sbzg4CausW/PKQ==}

  json-schema-traverse@0.4.1:
    resolution: {integrity: sha512-xbbCH5dCYU5T8LcEhhuh7HJ88HXuW3qsI3Y0zOZFKfZEHcpWiHU/Jxzk629Brsab/mMiHQti9wMP+845RPe3Vg==}

  kind-of@3.2.2:
    resolution: {integrity: sha512-NOW9QQXMoZGg/oqnVNoNTTIFEIid1627WCffUBJEdMxYApq7mNE7CpzucIPc+ZQg25Phej7IJSmX3hO+oblOtQ==}
    engines: {node: '>=0.10.0'}

  loose-envify@1.4.0:
    resolution: {integrity: sha512-lyuxPGr/Wfhrlem2CL/UcnUc1zcqKAImBDzukY7Y5F/yQiNdko6+fRLevlw1HgMySw7f611UIY408EtxRSoK3Q==}
    hasBin: true

  mimic-fn@2.1.0:
    resolution: {integrity: sha512-OqbOk5oEQeAZ8WXWydlu9HJjz9WVdEIvamMCcXmuqUYjTknH/sqsWvhQ3vgwKFRR1HpjvNBKQ37nbJgYzGqGcg==}
    engines: {node: '>=6'}

  minimatch@5.1.6:
    resolution: {integrity: sha512-lKwV/1brpG6mBUFHtb7NUmtABCb2WZZmm2wNiOA5hAb8VdCS4B3dtMWyvcoViccwAW/COERjXLt0zP1zXUN26g==}
    engines: {node: '>=10'}

  minimist@1.2.8:
    resolution: {integrity: sha512-2yyAR8qBkN3YuheJanUpWC5U3bb5osDywNB8RzDVlDwDHbocAJveqqj1u8+SVD7jkWT4yvsHCpWqqWqAxb0zCA==}

  object-assign@4.1.1:
    resolution: {integrity: sha512-rJgTQnkUnH1sFw8yT6VSU3zD3sWmu6sZhIseY8VX+GRu3P6F7Fu+JNDoXfklElbLJSnc3FUQHVe4cU5hj+BcUg==}
    engines: {node: '>=0.10.0'}

  on-exit-leak-free@2.1.2:
    resolution: {integrity: sha512-0eJJY6hXLGf1udHwfNftBqH+g73EU4B504nZeKpz1sYRKafAghwxEJunB2O7rDZkL4PGfsMVnTXZ2EjibbqcsA==}
    engines: {node: '>=14.0.0'}

  once@1.4.0:
    resolution: {integrity: sha512-lNaJgI+2Q5URQBkccEKHTQOPaXdUxnZZElQTZY0MFUAuaEqe1E+Nyvgdz/aIyNi6Z9MzO5dv1H8n58/GELp3+w==}

  onetime@5.1.2:
    resolution: {integrity: sha512-kbpaSSGJTWdAY5KPVeMOKXSrPtr8C8C7wodJbcsd51jRnmD+GZu8Y0VoU6Dm5Z4vWr0Ig/1NKuWRKf7j5aaYSg==}
    engines: {node: '>=6'}

  patch-console@2.0.0:
    resolution: {integrity: sha512-0YNdUceMdaQwoKce1gatDScmMo5pu/tfABfnzEqeG0gtTmd7mh/WcwgUjtAeOU7N8nFFlbQBnFK2gXW5fGvmMA==}
    engines: {node: ^12.20.0 || ^14.13.1 || >=16.0.0}

  pino-abstract-transport@1.1.0:
    resolution: {integrity: sha512-lsleG3/2a/JIWUtf9Q5gUNErBqwIu1tUKTT3dUzaf5DySw9ra1wcqKjJjLX1VTY64Wk1eEOYsVGSaGfCK85ekA==}

  pino-abstract-transport@1.2.0:
    resolution: {integrity: sha512-Guhh8EZfPCfH+PMXAb6rKOjGQEoy0xlAIn+irODG5kgfYV+BQ0rGYYWTIel3P5mmyXqkYkPmdIkywsn6QKUR1Q==}

  pino-pretty@10.2.3:
    resolution: {integrity: sha512-4jfIUc8TC1GPUfDyMSlW1STeORqkoxec71yhxIpLDQapUu8WOuoz2TTCoidrIssyz78LZC69whBMPIKCMbi3cw==}
    hasBin: true

  pino-std-serializers@6.2.2:
    resolution: {integrity: sha512-cHjPPsE+vhj/tnhCy/wiMh3M3z3h/j15zHQX+S9GkTBgqJuTuJzYJ4gUyACLhDaJ7kk9ba9iRDmbH2tJU03OiA==}

  pino@8.16.1:
    resolution: {integrity: sha512-3bKsVhBmgPjGV9pyn4fO/8RtoVDR8ssW1ev819FsRXlRNgW8gR/9Kx+gCK4UPWd4JjrRDLWpzd/pb1AyWm3MGA==}
    hasBin: true

  process-warning@2.3.2:
    resolution: {integrity: sha512-n9wh8tvBe5sFmsqlg+XQhaQLumwpqoAUruLwjCopgTmUBjJ/fjtBsJzKleCaIGBOMXYEhp1YfKl4d7rJ5ZKJGA==}

  process@0.11.10:
    resolution: {integrity: sha512-cdGef/drWFoydD1JsMzuFf8100nZl+GT+yacc2bEced5f9Rjk4z+WtFUTBu9PhOi9j/jfmBPu0mMEY4wIdAF8A==}
    engines: {node: '>= 0.6.0'}

  prom-client@15.0.0:
    resolution: {integrity: sha512-UocpgIrKyA2TKLVZDSfm8rGkL13C19YrQBAiG3xo3aDFWcHedxRxI3z+cIcucoxpSO0h5lff5iv/SXoxyeopeA==}
    engines: {node: ^16 || ^18 || >=20}

  prop-types@15.8.1:
    resolution: {integrity: sha512-oj87CgZICdulUohogVAR7AjlC0327U4el4L6eAvOqCeudMDVU0NThNaV+b9Df4dXgSP1gXMTnPdhfe/2qDH5cg==}

  pump@3.0.2:
    resolution: {integrity: sha512-tUPXtzlGM8FE3P0ZL6DVs/3P58k9nk8/jZeQCurTJylQA8qFYzHFfhBJkuqyE0FifOsQ0uKWekiZ5g8wtr28cw==}

  punycode@2.3.1:
    resolution: {integrity: sha512-vYt7UD1U9Wg6138shLtLOvdAu+8DsC/ilFtEVHcH+wydcSpNE20AfSOduf6MkRFahL5FY7X1oU7nKVZFtfq8Fg==}
    engines: {node: '>=6'}

  quick-format-unescaped@4.0.4:
    resolution: {integrity: sha512-tYC1Q1hgyRuHgloV/YXs2w15unPVh8qfu/qCTfhTYamaw7fyhumKa2yGpdSo87vY32rIclj+4fWYQXUMs9EHvg==}

  react-dom@19.2.3:
    resolution: {integrity: sha512-yELu4WmLPw5Mr/lmeEpox5rw3RETacE++JgHqQzd2dg+YbJuat3jH4ingc+WPZhxaoFzdv9y33G+F7Nl5O0GBg==}
    peerDependencies:
      react: ^19.2.3

  react-is@16.13.1:
    resolution: {integrity: sha512-24e6ynE2H+OKt4kqsOvNd8kBpV65zoxbA4BVsEOB3ARVWQki/DHzaUoC5KuON/BiccDaCCTZBuOcfZs70kR8bQ==}

  react-reconciler@0.33.0:
    resolution: {integrity: sha512-KetWRytFv1epdpJc3J4G75I4WrplZE5jOL7Yq0p34+OVOKF4Se7WrdIdVC45XsSSmUTlht2FM/fM1FZb1mfQeA==}
    engines: {node: '>=0.10.0'}
    peerDependencies:
      react: ^19.2.0

  react@19.2.3:
    resolution: {integrity: sha512-Ku/hhYbVjOQnXDZFv2+RibmLFGwFdeeKHFcOTlrt7xplBnya5OGn/hIRDsqDiSUcfORsDC7MPxwork8jBwsIWA==}
    engines: {node: '>=0.10.0'}

  readable-stream@3.6.2:
    resolution: {integrity: sha512-9u/sniCrY3D5WdsERHzHE4G2YCXqoG5FTHUiCC4SIbr6XcLZBY05ya9EKjYek9O5xOAwjGq+1JdGBAS7Q9ScoA==}
    engines: {node: '>= 6'}

  readable-stream@4.7.0:
    resolution: {integrity: sha512-oIGGmcpTLwPga8Bn6/Z75SVaH1z5dUut2ibSyAMVhmUggWpmDn2dapB0n7f8nwaSiRtepAsfJyfXIO5DCVAODg==}
    engines: {node: ^12.22.0 || ^14.17.0 || >=16.0.0}

  real-require@0.2.0:
    resolution: {integrity: sha512-57frrGM/OCTLqLOAh0mhVA9VBMHd+9U7Zb2THMGdBUoZVOtGbJzjxsYGDJ3A9AYYCP4hn6y1TVbaOfzWtm5GFg==}
    engines: {node: '>= 12.13.0'}

  rescript-envsafe@5.0.0:
    resolution: {integrity: sha512-xSQbNsFSSQEynvLWUYtI7GJJhzicACLTq5aO1tjgK0N2Vcm9qlrkcLSmnU8tTohebEu9zgm1V/xYY+oGeQgLvA==}
    peerDependencies:
      rescript: 11.x
      rescript-schema: 9.x

  rescript-schema@9.3.4:
    resolution: {integrity: sha512-VPhkkHCSQSo2KienoMD4Adu/yS8WhckmsUFFrNhKrt5yqeiJt+pY6/V+puuRIFLlWSIqGyu5/pxqSNUg3VLyxA==}
    peerDependencies:
      rescript: 11.x
    peerDependenciesMeta:
      rescript:
        optional: true

  rescript@11.1.3:
    resolution: {integrity: sha512-bI+yxDcwsv7qE34zLuXeO8Qkc2+1ng5ErlSjnUIZdrAWKoGzHXpJ6ZxiiRBUoYnoMsgRwhqvrugIFyNgWasmsw==}
    engines: {node: '>=10'}
    hasBin: true

  restore-cursor@4.0.0:
    resolution: {integrity: sha512-I9fPXU9geO9bHOt9pHHOhOkYerIMsmVaWB0rA2AI9ERh/+x/i7MV5HKBNrg+ljO5eoPVgCcnFuRjJ9uH6I/3eg==}
    engines: {node: ^12.20.0 || ^14.13.1 || >=16.0.0}

  rfdc@1.4.1:
    resolution: {integrity: sha512-q1b3N5QkRUWUl7iyylaaj3kOpIT0N2i9MqIEQXP73GVsN9cw3fdx8X63cEmWhJGi2PPCF23Ijp7ktmd39rawIA==}

  safe-buffer@5.2.1:
    resolution: {integrity: sha512-rp3So07KcdmmKbGvgaNxQSJr7bGVSVk5S9Eq1F+ppbRo70+YeaDxkw5Dd8NPN+GD6bjnYm2VuPuCXmpuYvmCXQ==}

  safe-stable-stringify@2.5.0:
    resolution: {integrity: sha512-b3rppTKm9T+PsVCBEOUR46GWI7fdOs00VKZ1+9c1EWDaDMvjQc6tUwuFyIprgGgTcWoVHSKrU8H31ZHA2e0RHA==}
    engines: {node: '>=10'}

  scheduler@0.27.0:
    resolution: {integrity: sha512-eNv+WrVbKu1f3vbYJT/xtiF5syA5HPIMtf9IgY/nKg0sWqzAUEvqY/xm7OcZc/qafLx/iO9FgOmeSAp4v5ti/Q==}

  secure-json-parse@2.7.0:
    resolution: {integrity: sha512-6aU+Rwsezw7VR8/nyvKTx8QpWH9FrcYiXXlqC4z5d5XQBDRqtbfsRjnwGyqbi3gddNtWHuEk9OANUotL26qKUw==}

  signal-exit@3.0.7:
    resolution: {integrity: sha512-wnD2ZE+l+SPC/uoS0vXeE9L1+0wuaMqKlfz9AMUo38JsyLSBWSFcHR1Rri62LZc12vLr1gb3jl7iwQhgwpAbGQ==}

  slice-ansi@7.1.2:
    resolution: {integrity: sha512-iOBWFgUX7caIZiuutICxVgX1SdxwAVFFKwt1EvMYYec/NWO5meOJ6K5uQxhrYBdQJne4KxiqZc+KptFOWFSI9w==}
    engines: {node: '>=18'}

  sonic-boom@3.8.1:
    resolution: {integrity: sha512-y4Z8LCDBuum+PBP3lSV7RHrXscqksve/bi0as7mhwVnBW+/wUqKT/2Kb7um8yqcFy0duYbbPxzt89Zy2nOCaxg==}

  split2@4.2.0:
    resolution: {integrity: sha512-UcjcJOWknrNkF6PLX83qcHM6KHgVKNkV62Y8a5uYDVv9ydGQVwAHMKqHdJje1VTWpljG0WYpCDhrCdAOYH4TWg==}
    engines: {node: '>= 10.x'}

  stack-utils@2.0.6:
    resolution: {integrity: sha512-XlkWvfIm6RmsWtNJx+uqtKLS8eqFbxUg0ZzLXqY0caEy9l7hruX8IpiDnjsLavoBgqCCR71TqWO8MaXYheJ3RQ==}
    engines: {node: '>=10'}

  string-similarity@4.0.4:
    resolution: {integrity: sha512-/q/8Q4Bl4ZKAPjj8WerIBJWALKkaPRfrvhfF8k/B23i4nzrlRj2/go1m90In7nG/3XDSbOo0+pu6RvCTM9RGMQ==}
    deprecated: Package no longer supported. Contact Support at https://www.npmjs.com/support for more info.

  string-width@7.2.0:
    resolution: {integrity: sha512-tsaTIkKW9b4N+AEj+SVA+WhJzV7/zMhcSu78mLKWSk7cXMOSHsBKFWUs0fWwq8QyK3MgJBQRX6Gbi4kYbdvGkQ==}
    engines: {node: '>=18'}

  string-width@8.1.0:
    resolution: {integrity: sha512-Kxl3KJGb/gxkaUMOjRsQ8IrXiGW75O4E3RPjFIINOVH8AMl2SQ/yWdTzWwF3FevIX9LcMAjJW+GRwAlAbTSXdg==}
    engines: {node: '>=20'}

  string_decoder@1.3.0:
    resolution: {integrity: sha512-hkRX8U1WjJFd8LsDJ2yQ/wWWxaopEsABU1XfkM8A+j0+85JAGppt16cr1Whg6KIbb4okU6Mql6BOj+uup/wKeA==}

  strip-ansi@7.1.2:
    resolution: {integrity: sha512-gmBGslpoQJtgnMAvOVqGZpEz9dyoKTCzy2nfz/n8aIFhN/jCE/rCmcxabB6jOOHV+0WNnylOxaxBQPSvcWklhA==}
    engines: {node: '>=12'}

  strip-json-comments@3.1.1:
    resolution: {integrity: sha512-6fPc+R4ihwqP6N/aIv2f1gMH8lOVtWQHoqC4yK6oSDVVocumAsfCqjkXnqiYMhmMwS/mEHLp7Vehlt3ql6lEig==}
    engines: {node: '>=8'}

  supports-color@8.1.1:
    resolution: {integrity: sha512-MpUEN2OodtUzxvKQl72cUF7RQ5EiHsGvSsVG0ia9c5RbWGL2CI4C7EpPS8UTBIplnlzZiNuV56w+FuNxy3ty2Q==}
    engines: {node: '>=10'}

  tdigest@0.1.2:
    resolution: {integrity: sha512-+G0LLgjjo9BZX2MfdvPfH+MKLCrxlXSYec5DaPYP1fe6Iyhf0/fSmJ0bFiZ1F8BT6cGXl2LpltQptzjXKWEkKA==}

  thread-stream@2.7.0:
    resolution: {integrity: sha512-qQiRWsU/wvNolI6tbbCKd9iKaTnCXsTwVxhhKM6nctPdujTyztjlbUkUTUymidWcMnZ5pWR0ej4a0tjsW021vw==}

  type-fest@4.41.0:
    resolution: {integrity: sha512-TeTSQ6H5YHvpqVwBRcnLDCBnDOHWYu7IvGbHT6N8AOymcr9PJGjc1GTtiWZTYg0NCgYwvnYWEkVChQAr9bjfwA==}
    engines: {node: '>=16'}

  uri-js@4.4.1:
    resolution: {integrity: sha512-7rKUyy33Q1yc98pQ1DAmLtwX109F7TIfWlW1Ydo8Wl1ii1SeHieeh0HHfPeL2fMXK6z0s8ecKs9frCuLJvndBg==}

  util-deprecate@1.0.2:
    resolution: {integrity: sha512-EPD5q1uXyFxJpCrLnCc1nHnq3gOa6DZBocAIiI2TaSCA7VCJ1UJDMagCzIkXNsUYfD1daK//LTEQ8xiIbrHtcw==}

  viem@2.21.0:
    resolution: {integrity: sha512-9g3Gw2nOU6t4bNuoDI5vwVExzIxseU0J7Jjx10gA2RNQVrytIrLxggW++tWEe3w4mnnm/pS1WgZFjQ/QKf/nHw==}
    peerDependencies:
      typescript: '>=5.0.4'
    peerDependenciesMeta:
      typescript:
        optional: true

  webauthn-p256@0.0.5:
    resolution: {integrity: sha512-drMGNWKdaixZNobeORVIqq7k5DsRC9FnG201K2QjeOoQLmtSDaSsVZdkg6n5jUALJKcAG++zBPJXmv6hy0nWFg==}

  widest-line@5.0.0:
    resolution: {integrity: sha512-c9bZp7b5YtRj2wOe6dlj32MK+Bx/M/d+9VB2SHM1OtsUHR0aV0tdP6DWh/iMt0kWi1t5g1Iudu6hQRNd1A4PVA==}
    engines: {node: '>=18'}

  window-size@1.1.1:
    resolution: {integrity: sha512-5D/9vujkmVQ7pSmc0SCBmHXbkv6eaHwXEx65MywhmUMsI8sGqJ972APq1lotfcwMKPFLuCFfL8xGHLIp7jaBmA==}
    engines: {node: '>= 0.10.0'}
    hasBin: true

  wrap-ansi@9.0.2:
    resolution: {integrity: sha512-42AtmgqjV+X1VpdOfyTGOYRi0/zsoLqtXQckTmqTeybT+BDIbM/Guxo7x3pE2vtpr1ok6xRqM9OpBe+Jyoqyww==}
    engines: {node: '>=18'}

  wrappy@1.0.2:
    resolution: {integrity: sha512-l4Sp/DRseor9wL6EvV2+TuQn63dMkPjZ/sp9XkghTEbV9KlPS1xUsZ3u7/IQO4wxtcFB4bgpQPRcR3QCvezPcQ==}

  ws@8.17.1:
    resolution: {integrity: sha512-6XQFvXTkbfUOZOKKILFG1PDK2NDQs4azKQl26T0YS5CxqWLgXajbPZ+h4gZekJyRqFU8pvnbAbbs/3TgRPy+GQ==}
    engines: {node: '>=10.0.0'}
    peerDependencies:
      bufferutil: ^4.0.1
      utf-8-validate: '>=5.0.2'
    peerDependenciesMeta:
      bufferutil:
        optional: true
      utf-8-validate:
        optional: true

  ws@8.18.3:
    resolution: {integrity: sha512-PEIGCY5tSlUt50cqyMXfCzX+oOPqN0vuGqWzbcJ2xvnkzkq46oOpz7dQaTDBdfICb4N14+GARUDw2XV2N4tvzg==}
    engines: {node: '>=10.0.0'}
    peerDependencies:
      bufferutil: ^4.0.1
      utf-8-validate: '>=5.0.2'
    peerDependenciesMeta:
      bufferutil:
        optional: true
      utf-8-validate:
        optional: true

  yoga-layout@3.2.1:
    resolution: {integrity: sha512-0LPOt3AxKqMdFBZA3HBAt/t/8vIKq7VaQYbuA8WxCgung+p9TVyKRYdpvCb80HcdTN2NkbIKbhNwKUfm3tQywQ==}

snapshots:

  '@adraffy/ens-normalize@1.10.0': {}

  '@alcalzone/ansi-tokenize@0.2.2':
    dependencies:
      ansi-styles: 6.2.3
      is-fullwidth-code-point: 5.1.0

  '@clickhouse/client-common@1.12.1': {}

  '@clickhouse/client@1.12.1':
    dependencies:
      '@clickhouse/client-common': 1.12.1

  '@elastic/ecs-helpers@1.1.0':
    dependencies:
      fast-json-stringify: 2.7.13

  '@elastic/ecs-pino-format@1.4.0':
    dependencies:
      '@elastic/ecs-helpers': 1.1.0

  '@envio-dev/hyperfuel-client-darwin-arm64@1.2.2':
    optional: true

  '@envio-dev/hyperfuel-client-darwin-x64@1.2.2':
    optional: true

  '@envio-dev/hyperfuel-client-linux-arm64-gnu@1.2.2':
    optional: true

  '@envio-dev/hyperfuel-client-linux-x64-gnu@1.2.2':
    optional: true

  '@envio-dev/hyperfuel-client-linux-x64-musl@1.2.2':
    optional: true

  '@envio-dev/hyperfuel-client-win32-x64-msvc@1.2.2':
    optional: true

  '@envio-dev/hyperfuel-client@1.2.2':
    optionalDependencies:
      '@envio-dev/hyperfuel-client-darwin-arm64': 1.2.2
      '@envio-dev/hyperfuel-client-darwin-x64': 1.2.2
      '@envio-dev/hyperfuel-client-linux-arm64-gnu': 1.2.2
      '@envio-dev/hyperfuel-client-linux-x64-gnu': 1.2.2
      '@envio-dev/hyperfuel-client-linux-x64-musl': 1.2.2
      '@envio-dev/hyperfuel-client-win32-x64-msvc': 1.2.2

  '@envio-dev/hypersync-client-darwin-arm64@0.7.0':
    optional: true

  '@envio-dev/hypersync-client-darwin-x64@0.7.0':
    optional: true

  '@envio-dev/hypersync-client-linux-arm64-gnu@0.7.0':
    optional: true

  '@envio-dev/hypersync-client-linux-x64-gnu@0.7.0':
    optional: true

  '@envio-dev/hypersync-client-linux-x64-musl@0.7.0':
    optional: true

  '@envio-dev/hypersync-client-win32-x64-msvc@0.7.0':
    optional: true

  '@envio-dev/hypersync-client@0.7.0':
    optionalDependencies:
      '@envio-dev/hypersync-client-darwin-arm64': 0.7.0
      '@envio-dev/hypersync-client-darwin-x64': 0.7.0
      '@envio-dev/hypersync-client-linux-arm64-gnu': 0.7.0
      '@envio-dev/hypersync-client-linux-x64-gnu': 0.7.0
      '@envio-dev/hypersync-client-linux-x64-musl': 0.7.0
      '@envio-dev/hypersync-client-win32-x64-msvc': 0.7.0

  '@noble/curves@1.4.0':
    dependencies:
      '@noble/hashes': 1.4.0

  '@noble/hashes@1.4.0': {}

  '@opentelemetry/api@1.9.0': {}

  '@rescript/react@0.14.0(react-dom@19.2.3(react@19.2.3))(react@19.2.3)':
    dependencies:
      react: 19.2.3
      react-dom: 19.2.3(react@19.2.3)

  '@scure/base@1.1.9': {}

  '@scure/bip32@1.4.0':
    dependencies:
      '@noble/curves': 1.4.0
      '@noble/hashes': 1.4.0
      '@scure/base': 1.1.9

  '@scure/bip39@1.3.0':
    dependencies:
      '@noble/hashes': 1.4.0
      '@scure/base': 1.1.9

  abitype@1.0.5: {}

  abort-controller@3.0.0:
    dependencies:
      event-target-shim: 5.0.1

  ajv@6.12.6:
    dependencies:
      fast-deep-equal: 3.1.3
      fast-json-stable-stringify: 2.1.0
      json-schema-traverse: 0.4.1
      uri-js: 4.4.1

  ansi-escapes@7.2.0:
    dependencies:
      environment: 1.1.0

  ansi-regex@6.2.2: {}

  ansi-styles@6.2.3: {}

  atomic-sleep@1.0.0: {}

  auto-bind@5.0.1: {}

  balanced-match@1.0.2: {}

  base64-js@1.5.1: {}

  bignumber.js@9.1.2: {}

  bintrees@1.0.2: {}

  brace-expansion@2.0.2:
    dependencies:
      balanced-match: 1.0.2

  buffer@6.0.3:
    dependencies:
      base64-js: 1.5.1
      ieee754: 1.2.1

  cfonts@3.3.1:
    dependencies:
      supports-color: 8.1.1
      window-size: 1.1.1

  chalk@5.6.2: {}

  cli-boxes@3.0.0: {}

  cli-cursor@4.0.0:
    dependencies:
      restore-cursor: 4.0.0

  cli-spinners@2.9.2: {}

  cli-truncate@5.1.1:
    dependencies:
      slice-ansi: 7.1.2
      string-width: 8.1.0

  code-excerpt@4.0.0:
    dependencies:
      convert-to-spaces: 2.0.1

  colorette@2.0.20: {}

  convert-to-spaces@2.0.1: {}

  date-fns@3.3.1: {}

  dateformat@4.6.3: {}

  deepmerge@4.3.1: {}

  define-property@1.0.0:
    dependencies:
      is-descriptor: 1.0.3

  dotenv@16.4.5: {}

  emoji-regex@10.6.0: {}

  end-of-stream@1.4.4:
    dependencies:
      once: 1.4.0

  environment@1.1.0: {}

  es-toolkit@1.43.0: {}

  escape-string-regexp@2.0.0: {}

  event-target-shim@5.0.1: {}

  events@3.3.0: {}

  eventsource-parser@3.0.6: {}

  eventsource@4.1.0:
    dependencies:
      eventsource-parser: 3.0.6

  fast-copy@3.0.2: {}

  fast-deep-equal@3.1.3: {}

  fast-json-stable-stringify@2.1.0: {}

  fast-json-stringify@2.7.13:
    dependencies:
      ajv: 6.12.6
      deepmerge: 4.3.1
      rfdc: 1.4.1
      string-similarity: 4.0.4

  fast-redact@3.5.0: {}

  fast-safe-stringify@2.1.1: {}

  fs.realpath@1.0.0: {}

  function-bind@1.1.2: {}

  get-east-asian-width@1.4.0: {}

  glob@8.1.0:
    dependencies:
      fs.realpath: 1.0.0
      inflight: 1.0.6
      inherits: 2.0.4
      minimatch: 5.1.6
      once: 1.4.0

  has-flag@4.0.0: {}

  hasown@2.0.2:
    dependencies:
      function-bind: 1.1.2

  help-me@4.2.0:
    dependencies:
      glob: 8.1.0
      readable-stream: 3.6.2

  ieee754@1.2.1: {}

  indent-string@5.0.0: {}

  inflight@1.0.6:
    dependencies:
      once: 1.4.0
      wrappy: 1.0.2

  inherits@2.0.4: {}

  ink-big-text@2.0.0(ink@6.5.1(react@19.2.3))(react@19.2.3):
    dependencies:
      cfonts: 3.3.1
      ink: 6.5.1(react@19.2.3)
      prop-types: 15.8.1
      react: 19.2.3

  ink-spinner@5.0.0(ink@6.5.1(react@19.2.3))(react@19.2.3):
    dependencies:
      cli-spinners: 2.9.2
      ink: 6.5.1(react@19.2.3)
      react: 19.2.3

  ink-use-stdout-dimensions@1.0.5(ink@6.5.1(react@19.2.3))(react@19.2.3):
    dependencies:
      ink: 6.5.1(react@19.2.3)
      react: 19.2.3

  ink@6.5.1(react@19.2.3):
    dependencies:
      '@alcalzone/ansi-tokenize': 0.2.2
      ansi-escapes: 7.2.0
      ansi-styles: 6.2.3
      auto-bind: 5.0.1
      chalk: 5.6.2
      cli-boxes: 3.0.0
      cli-cursor: 4.0.0
      cli-truncate: 5.1.1
      code-excerpt: 4.0.0
      es-toolkit: 1.43.0
      indent-string: 5.0.0
      is-in-ci: 2.0.0
      patch-console: 2.0.0
      react: 19.2.3
      react-reconciler: 0.33.0(react@19.2.3)
      signal-exit: 3.0.7
      slice-ansi: 7.1.2
      stack-utils: 2.0.6
      string-width: 8.1.0
      type-fest: 4.41.0
      widest-line: 5.0.0
      wrap-ansi: 9.0.2
      ws: 8.18.3
      yoga-layout: 3.2.1
    transitivePeerDependencies:
      - bufferutil
      - utf-8-validate

  is-accessor-descriptor@1.0.1:
    dependencies:
      hasown: 2.0.2

  is-buffer@1.1.6: {}

  is-data-descriptor@1.0.1:
    dependencies:
      hasown: 2.0.2

  is-descriptor@1.0.3:
    dependencies:
      is-accessor-descriptor: 1.0.1
      is-data-descriptor: 1.0.1

  is-fullwidth-code-point@5.1.0:
    dependencies:
      get-east-asian-width: 1.4.0

  is-in-ci@2.0.0: {}

  is-number@3.0.0:
    dependencies:
      kind-of: 3.2.2

  isows@1.0.4(ws@8.17.1):
    dependencies:
      ws: 8.17.1

  joycon@3.1.1: {}

  js-tokens@4.0.0: {}

  json-schema-traverse@0.4.1: {}

  kind-of@3.2.2:
    dependencies:
      is-buffer: 1.1.6

  loose-envify@1.4.0:
    dependencies:
      js-tokens: 4.0.0

  mimic-fn@2.1.0: {}

  minimatch@5.1.6:
    dependencies:
      brace-expansion: 2.0.2

  minimist@1.2.8: {}

  object-assign@4.1.1: {}

  on-exit-leak-free@2.1.2: {}

  once@1.4.0:
    dependencies:
      wrappy: 1.0.2

  onetime@5.1.2:
    dependencies:
      mimic-fn: 2.1.0

  patch-console@2.0.0: {}

  pino-abstract-transport@1.1.0:
    dependencies:
      readable-stream: 4.7.0
      split2: 4.2.0

  pino-abstract-transport@1.2.0:
    dependencies:
      readable-stream: 4.7.0
      split2: 4.2.0

  pino-pretty@10.2.3:
    dependencies:
      colorette: 2.0.20
      dateformat: 4.6.3
      fast-copy: 3.0.2
      fast-safe-stringify: 2.1.1
      help-me: 4.2.0
      joycon: 3.1.1
      minimist: 1.2.8
      on-exit-leak-free: 2.1.2
      pino-abstract-transport: 1.2.0
      pump: 3.0.2
      readable-stream: 4.7.0
      secure-json-parse: 2.7.0
      sonic-boom: 3.8.1
      strip-json-comments: 3.1.1

  pino-std-serializers@6.2.2: {}

  pino@8.16.1:
    dependencies:
      atomic-sleep: 1.0.0
      fast-redact: 3.5.0
      on-exit-leak-free: 2.1.2
      pino-abstract-transport: 1.1.0
      pino-std-serializers: 6.2.2
      process-warning: 2.3.2
      quick-format-unescaped: 4.0.4
      real-require: 0.2.0
      safe-stable-stringify: 2.5.0
      sonic-boom: 3.8.1
      thread-stream: 2.7.0

  process-warning@2.3.2: {}

  process@0.11.10: {}

  prom-client@15.0.0:
    dependencies:
      '@opentelemetry/api': 1.9.0
      tdigest: 0.1.2

  prop-types@15.8.1:
    dependencies:
      loose-envify: 1.4.0
      object-assign: 4.1.1
      react-is: 16.13.1

  pump@3.0.2:
    dependencies:
      end-of-stream: 1.4.4
      once: 1.4.0

  punycode@2.3.1: {}

  quick-format-unescaped@4.0.4: {}

  react-dom@19.2.3(react@19.2.3):
    dependencies:
      react: 19.2.3
      scheduler: 0.27.0

  react-is@16.13.1: {}

  react-reconciler@0.33.0(react@19.2.3):
    dependencies:
      react: 19.2.3
      scheduler: 0.27.0

  react@19.2.3: {}

  readable-stream@3.6.2:
    dependencies:
      inherits: 2.0.4
      string_decoder: 1.3.0
      util-deprecate: 1.0.2

  readable-stream@4.7.0:
    dependencies:
      abort-controller: 3.0.0
      buffer: 6.0.3
      events: 3.3.0
      process: 0.11.10
      string_decoder: 1.3.0

  real-require@0.2.0: {}

  rescript-envsafe@5.0.0(rescript-schema@9.3.4(rescript@11.1.3))(rescript@11.1.3):
    dependencies:
      rescript: 11.1.3
      rescript-schema: 9.3.4(rescript@11.1.3)

  rescript-schema@9.3.4(rescript@11.1.3):
    optionalDependencies:
      rescript: 11.1.3

  rescript@11.1.3: {}

  restore-cursor@4.0.0:
    dependencies:
      onetime: 5.1.2
      signal-exit: 3.0.7

  rfdc@1.4.1: {}

  safe-buffer@5.2.1: {}

  safe-stable-stringify@2.5.0: {}

  scheduler@0.27.0: {}

  secure-json-parse@2.7.0: {}

  signal-exit@3.0.7: {}

  slice-ansi@7.1.2:
    dependencies:
      ansi-styles: 6.2.3
      is-fullwidth-code-point: 5.1.0

  sonic-boom@3.8.1:
    dependencies:
      atomic-sleep: 1.0.0

  split2@4.2.0: {}

  stack-utils@2.0.6:
    dependencies:
      escape-string-regexp: 2.0.0

  string-similarity@4.0.4: {}

  string-width@7.2.0:
    dependencies:
      emoji-regex: 10.6.0
      get-east-asian-width: 1.4.0
      strip-ansi: 7.1.2

  string-width@8.1.0:
    dependencies:
      get-east-asian-width: 1.4.0
      strip-ansi: 7.1.2

  string_decoder@1.3.0:
    dependencies:
      safe-buffer: 5.2.1

  strip-ansi@7.1.2:
    dependencies:
      ansi-regex: 6.2.2

  strip-json-comments@3.1.1: {}

  supports-color@8.1.1:
    dependencies:
      has-flag: 4.0.0

  tdigest@0.1.2:
    dependencies:
      bintrees: 1.0.2

  thread-stream@2.7.0:
    dependencies:
      real-require: 0.2.0

  type-fest@4.41.0: {}

  uri-js@4.4.1:
    dependencies:
      punycode: 2.3.1

  util-deprecate@1.0.2: {}

  viem@2.21.0:
    dependencies:
      '@adraffy/ens-normalize': 1.10.0
      '@noble/curves': 1.4.0
      '@noble/hashes': 1.4.0
      '@scure/bip32': 1.4.0
      '@scure/bip39': 1.3.0
      abitype: 1.0.5
      isows: 1.0.4(ws@8.17.1)
      webauthn-p256: 0.0.5
      ws: 8.17.1
    transitivePeerDependencies:
      - bufferutil
      - utf-8-validate
      - zod

  webauthn-p256@0.0.5:
    dependencies:
      '@noble/curves': 1.4.0
      '@noble/hashes': 1.4.0

  widest-line@5.0.0:
    dependencies:
      string-width: 7.2.0

  window-size@1.1.1:
    dependencies:
      define-property: 1.0.0
      is-number: 3.0.0

  wrap-ansi@9.0.2:
    dependencies:
      ansi-styles: 6.2.3
      string-width: 7.2.0
      strip-ansi: 7.1.2

  wrappy@1.0.2: {}

  ws@8.17.1: {}

  ws@8.18.3: {}

  yoga-layout@3.2.1: {}
