lockfileVersion: '6.0'

settings:
  autoInstallPeers: false
  excludeLinksFromLockfile: false

dependencies:
  rescript:
    specifier: 11.1.0
    version: 11.1.0
  rescript-schema:
    specifier: 6.4.0
    version: 6.4.0(rescript@11.1.0)

packages:

  /rescript-schema@6.4.0(rescript@11.1.0):
    resolution: {integrity: sha512-rBHtZOEVskKKAf7jfJicuTA1xsQRu2qBdB73FVtPsUSmtgIYpGGKk4YSURQss7WYQEHRds+zPjFLJWzeAnwsLg==}
    peerDependencies:
      rescript: 11.x
    dependencies:
      rescript: 11.1.0
    dev: false

  /rescript@11.1.0:
    resolution: {integrity: sha512-9la2Dv+ACylQ77I8s4spPu1JnLZXbH5WgxcLHLLUBWgFFSiv0wXqgzWztrBIZqwFgVX5BYcwldUqUVcEzdCyHg==}
    engines: {node: '>=10'}
    hasBin: true
    requiresBuild: true
    dev: false
